
Microsoft Visual Studio Solution File, Format Version 12.00
# Visual Studio Version 17
VisualStudioVersion = 17.14.36511.14 d17.14
MinimumVisualStudioVersion = 10.0.40219.1
Project("{FAE04EC0-301F-11D3-BF4B-00C04F79EFBC}") = "FrostFix pro", "FrostFix pro\FrostFix pro.csproj", "{853065EF-879E-4F7A-B168-CDFE8479BBE1}"
EndProject
Global
	GlobalSection(SolutionConfigurationPlatforms) = preSolution
		Debug|Any CPU = Debug|Any CPU
		Release|Any CPU = Release|Any CPU
	EndGlobalSection
	GlobalSection(ProjectConfigurationPlatforms) = postSolution
		{853065EF-879E-4F7A-B168-CDFE8479BBE1}.Debug|Any CPU.ActiveCfg = Debug|Any CPU
		{853065EF-879E-4F7A-B168-CDFE8479BBE1}.Debug|Any CPU.Build.0 = Debug|Any CPU
		{853065EF-879E-4F7A-B168-CDFE8479BBE1}.Release|Any CPU.ActiveCfg = Release|Any CPU
		{853065EF-879E-4F7A-B168-CDFE8479BBE1}.Release|Any CPU.Build.0 = Release|Any CPU
	EndGlobalSection
	GlobalSection(SolutionProperties) = preSolution
		HideSolutionNode = FALSE
	EndGlobalSection
	GlobalSection(ExtensibilityGlobals) = postSolution
		SolutionGuid = {18FE8E8C-E7F9-4CD8-B2B8-5C99094E8BCA}
	EndGlobalSection
EndGlobal
